
Microsoft Visual Studio Solution File, Format Version 11.00
# Visual C++ Express 2010
Project("{8BC9CEB8-8B4A-11D0-8D11-00A0C91BC942}") = "CursProject", "CursProject\CursProject.vcxproj", "{1E56A45C-3D3F-420C-BE04-2ED612365197}"
EndProject
Global
	GlobalSection(SolutionConfigurationPlatforms) = preSolution
		Debug|Win32 = Debug|Win32
		Release|Win32 = Release|Win32
	EndGlobalSection
	GlobalSection(ProjectConfigurationPlatforms) = postSolution
		{1E56A45C-3D3F-420C-BE04-2ED612365197}.Debug|Win32.ActiveCfg = Debug|Win32
		{1E56A45C-3D3F-420C-BE04-2ED612365197}.Debug|Win32.Build.0 = Debug|Win32
		{1E56A45C-3D3F-420C-BE04-2ED612365197}.Release|Win32.ActiveCfg = Release|Win32
		{1E56A45C-3D3F-420C-BE04-2ED612365197}.Release|Win32.Build.0 = Release|Win32
	EndGlobalSection
	GlobalSection(SolutionProperties) = preSolution
		HideSolutionNode = FALSE
	EndGlobalSection
EndGlobal
